
Microsoft Visual Studio Solution File, Format Version 12.00
# Visual Studio 15
VisualStudioVersion = 15.0.26730.3
MinimumVisualStudioVersion = 10.0.40219.1
Project("{8BC9CEB8-8B4A-11D0-8D11-00A0C91BC942}") = "Sorting", "Sorting\Sorting.vcxproj", "{AF0D9058-4964-409C-A831-733A4D89E0F8}"
EndProject
Global
	GlobalSection(SolutionConfigurationPlatforms) = preSolution
		Debug|x64 = Debug|x64
		Debug|x86 = Debug|x86
		Release|x64 = Release|x64
		Release|x86 = Release|x86
	EndGlobalSection
	GlobalSection(ProjectConfigurationPlatforms) = postSolution
		{AF0D9058-4964-409C-A831-733A4D89E0F8}.Debug|x64.ActiveCfg = Debug|x64
		{AF0D9058-4964-409C-A831-733A4D89E0F8}.Debug|x64.Build.0 = Debug|x64
		{AF0D9058-4964-409C-A831-733A4D89E0F8}.Debug|x86.ActiveCfg = Debug|Win32
		{AF0D9058-4964-409C-A831-733A4D89E0F8}.Debug|x86.Build.0 = Debug|Win32
		{AF0D9058-4964-409C-A831-733A4D89E0F8}.Release|x64.ActiveCfg = Release|x64
		{AF0D9058-4964-409C-A831-733A4D89E0F8}.Release|x64.Build.0 = Release|x64
		{AF0D9058-4964-409C-A831-733A4D89E0F8}.Release|x86.ActiveCfg = Release|Win32
		{AF0D9058-4964-409C-A831-733A4D89E0F8}.Release|x86.Build.0 = Release|Win32
	EndGlobalSection
	GlobalSection(SolutionProperties) = preSolution
		HideSolutionNode = FALSE
	EndGlobalSection
	GlobalSection(ExtensibilityGlobals) = postSolution
		SolutionGuid = {6605FA74-10E5-49A2-8735-EDB3593A6EDC}
	EndGlobalSection
EndGlobal
